{
  "name": "DepositRefund",
  "version": "1.0.0",
  "lockfileVersion": 1,
  "requires": true,
  "dependencies": {
    "openzeppelin-solidity": {
      "version": "1.12.0-rc.1",
      "resolved": "https://registry.npmjs.org/openzeppelin-solidity/-/openzeppelin-solidity-1.12.0-rc.1.tgz",
      "integrity": "sha512-hoxPSVaG8bBAQ57ixtJI3wYWdF8rcezNEuMjZubXaBQrgUqzzCQQqXRuGg+eQyLddmhfLowkTvqH8TDQ/frBOA=="
    }
  }
}
